
Microsoft Visual Studio Solution File, Format Version 12.00
# Visual Studio 15
Project("{FAE04EC0-301F-11D3-BF4B-00C04F79EFBC}") = "Spectrum Hunter AV", "Spectrum Hunter AV.csproj", "{0C92EFD4-43FD-76A9-E3BD-DB8D24948767}"
EndProject
Project("{FAE04EC0-301F-11D3-BF4B-00C04F79EFBC}") = "Spectrum Hunter AV.Editor", "Spectrum Hunter AV.Editor.csproj", "{FD5315AE-733B-8504-4DC2-52B079F2D8DD}"
EndProject
Global
	GlobalSection(SolutionConfigurationPlatforms) = preSolution
		Debug|Any CPU = Debug|Any CPU
		Release|Any CPU = Release|Any CPU
	EndGlobalSection
	GlobalSection(ProjectConfigurationPlatforms) = postSolution
		{0C92EFD4-43FD-76A9-E3BD-DB8D24948767}.Debug|Any CPU.ActiveCfg = Debug|Any CPU
		{0C92EFD4-43FD-76A9-E3BD-DB8D24948767}.Debug|Any CPU.Build.0 = Debug|Any CPU
		{0C92EFD4-43FD-76A9-E3BD-DB8D24948767}.Release|Any CPU.ActiveCfg = Release|Any CPU
		{0C92EFD4-43FD-76A9-E3BD-DB8D24948767}.Release|Any CPU.Build.0 = Release|Any CPU
		{FD5315AE-733B-8504-4DC2-52B079F2D8DD}.Debug|Any CPU.ActiveCfg = Debug|Any CPU
		{FD5315AE-733B-8504-4DC2-52B079F2D8DD}.Debug|Any CPU.Build.0 = Debug|Any CPU
		{FD5315AE-733B-8504-4DC2-52B079F2D8DD}.Release|Any CPU.ActiveCfg = Release|Any CPU
		{FD5315AE-733B-8504-4DC2-52B079F2D8DD}.Release|Any CPU.Build.0 = Release|Any CPU
	EndGlobalSection
	GlobalSection(SolutionProperties) = preSolution
		HideSolutionNode = FALSE
	EndGlobalSection
EndGlobal
